
Microsoft Visual Studio Solution File, Format Version 12.00
# Visual Studio Version 17
VisualStudioVersion = 17.10.34916.146
MinimumVisualStudioVersion = 10.0.40219.1
Project("{FAE04EC0-301F-11D3-BF4B-00C04F79EFBC}") = "LatihanWebApplicationRazorPage", "LatihanWebApplicationRazorPage\LatihanWebApplicationRazorPage.csproj", "{F5FE3AFD-5584-4C12-B12F-5851CE743742}"
EndProject
Global
	GlobalSection(SolutionConfigurationPlatforms) = preSolution
		Debug|Any CPU = Debug|Any CPU
		Release|Any CPU = Release|Any CPU
	EndGlobalSection
	GlobalSection(ProjectConfigurationPlatforms) = postSolution
		{F5FE3AFD-5584-4C12-B12F-5851CE743742}.Debug|Any CPU.ActiveCfg = Debug|Any CPU
		{F5FE3AFD-5584-4C12-B12F-5851CE743742}.Debug|Any CPU.Build.0 = Debug|Any CPU
		{F5FE3AFD-5584-4C12-B12F-5851CE743742}.Release|Any CPU.ActiveCfg = Release|Any CPU
		{F5FE3AFD-5584-4C12-B12F-5851CE743742}.Release|Any CPU.Build.0 = Release|Any CPU
	EndGlobalSection
	GlobalSection(SolutionProperties) = preSolution
		HideSolutionNode = FALSE
	EndGlobalSection
	GlobalSection(ExtensibilityGlobals) = postSolution
		SolutionGuid = {5C57C972-5F4B-49F8-B0F9-AB053F9804CF}
	EndGlobalSection
EndGlobal
